Microsoft Visual Studio Solution File, Format Version 12.00
# Visual Studio Version 17
VisualStudioVersion = 17.5.2.0
MinimumVisualStudioVersion = 10.0.40219.1
Project("{FAE04EC0-301F-11D3-BF4B-00C04F79EFBC}") = "Hanoi", "Hanoi.csproj", "{6CB4D1B5-5D27-A643-DB1E-5CD8DC40108D}"
EndProject
Global
	GlobalSection(SolutionConfigurationPlatforms) = preSolution
		Debug|Any CPU = Debug|Any CPU
		Release|Any CPU = Release|Any CPU
	EndGlobalSection
	GlobalSection(ProjectConfigurationPlatforms) = postSolution
		{6CB4D1B5-5D27-A643-DB1E-5CD8DC40108D}.Debug|Any CPU.ActiveCfg = Debug|Any CPU
		{6CB4D1B5-5D27-A643-DB1E-5CD8DC40108D}.Debug|Any CPU.Build.0 = Debug|Any CPU
		{6CB4D1B5-5D27-A643-DB1E-5CD8DC40108D}.Release|Any CPU.ActiveCfg = Release|Any CPU
		{6CB4D1B5-5D27-A643-DB1E-5CD8DC40108D}.Release|Any CPU.Build.0 = Release|Any CPU
	EndGlobalSection
	GlobalSection(SolutionProperties) = preSolution
		HideSolutionNode = FALSE
	EndGlobalSection
	GlobalSection(ExtensibilityGlobals) = postSolution
		SolutionGuid = {F0E1EA1C-8AD3-478F-93FD-4ECEFC380CFC}
	EndGlobalSection
EndGlobal
